
Microsoft Visual Studio Solution File, Format Version 12.00
# Visual Studio Version 16
VisualStudioVersion = 16.0.28917.182
MinimumVisualStudioVersion = 10.0.40219.1
Project("{FAE04EC0-301F-11D3-BF4B-00C04F79EFBC}") = "Template_1", "Template_1\Template_1.csproj", "{73E38F93-D3C8-44CB-9C8A-EE07DF5C8699}"
EndProject
Global
	GlobalSection(SolutionConfigurationPlatforms) = preSolution
		Debug|Any CPU = Debug|Any CPU
		Release|Any CPU = Release|Any CPU
	EndGlobalSection
	GlobalSection(ProjectConfigurationPlatforms) = postSolution
		{73E38F93-D3C8-44CB-9C8A-EE07DF5C8699}.Debug|Any CPU.ActiveCfg = Debug|Any CPU
		{73E38F93-D3C8-44CB-9C8A-EE07DF5C8699}.Debug|Any CPU.Build.0 = Debug|Any CPU
		{73E38F93-D3C8-44CB-9C8A-EE07DF5C8699}.Release|Any CPU.ActiveCfg = Release|Any CPU
		{73E38F93-D3C8-44CB-9C8A-EE07DF5C8699}.Release|Any CPU.Build.0 = Release|Any CPU
	EndGlobalSection
	GlobalSection(SolutionProperties) = preSolution
		HideSolutionNode = FALSE
	EndGlobalSection
	GlobalSection(ExtensibilityGlobals) = postSolution
		SolutionGuid = {4087E6F8-2489-43CF-8558-CBB0493C7B8C}
	EndGlobalSection
EndGlobal
