
Microsoft Visual Studio Solution File, Format Version 12.00
# Visual Studio Version 16
VisualStudioVersion = 16.0.28803.156
MinimumVisualStudioVersion = 10.0.40219.1
Project("{FAE04EC0-301F-11D3-BF4B-00C04F79EFBC}") = "ConsultApp", "ConsultApp.csproj", "{8AB494C5-0E01-4141-AE1B-795AB3C8C113}"
EndProject
Global
	GlobalSection(SolutionConfigurationPlatforms) = preSolution
		Debug|Any CPU = Debug|Any CPU
		Release|Any CPU = Release|Any CPU
	EndGlobalSection
	GlobalSection(ProjectConfigurationPlatforms) = postSolution
		{8AB494C5-0E01-4141-AE1B-795AB3C8C113}.Debug|Any CPU.ActiveCfg = Debug|Any CPU
		{8AB494C5-0E01-4141-AE1B-795AB3C8C113}.Debug|Any CPU.Build.0 = Debug|Any CPU
		{8AB494C5-0E01-4141-AE1B-795AB3C8C113}.Release|Any CPU.ActiveCfg = Release|Any CPU
		{8AB494C5-0E01-4141-AE1B-795AB3C8C113}.Release|Any CPU.Build.0 = Release|Any CPU
	EndGlobalSection
	GlobalSection(SolutionProperties) = preSolution
		HideSolutionNode = FALSE
	EndGlobalSection
	GlobalSection(ExtensibilityGlobals) = postSolution
		SolutionGuid = {DBF91AE8-BBF2-4D86-9B88-6DDC9E10300D}
	EndGlobalSection
EndGlobal
